
Microsoft Visual Studio Solution File, Format Version 12.00
# Visual Studio Version 16
VisualStudioVersion = 16.0.30621.155
MinimumVisualStudioVersion = 10.0.40219.1
Project("{FAE04EC0-301F-11D3-BF4B-00C04F79EFBC}") = "PIS_Lab_1", "PIS_Lab_1.csproj", "{8BBA217E-1FF1-4098-8548-C6A0E49D591E}"
EndProject
Global
	GlobalSection(SolutionConfigurationPlatforms) = preSolution
		Debug|Any CPU = Debug|Any CPU
		Release|Any CPU = Release|Any CPU
	EndGlobalSection
	GlobalSection(ProjectConfigurationPlatforms) = postSolution
		{8BBA217E-1FF1-4098-8548-C6A0E49D591E}.Debug|Any CPU.ActiveCfg = Debug|Any CPU
		{8BBA217E-1FF1-4098-8548-C6A0E49D591E}.Debug|Any CPU.Build.0 = Debug|Any CPU
		{8BBA217E-1FF1-4098-8548-C6A0E49D591E}.Release|Any CPU.ActiveCfg = Release|Any CPU
		{8BBA217E-1FF1-4098-8548-C6A0E49D591E}.Release|Any CPU.Build.0 = Release|Any CPU
	EndGlobalSection
	GlobalSection(SolutionProperties) = preSolution
		HideSolutionNode = FALSE
	EndGlobalSection
	GlobalSection(ExtensibilityGlobals) = postSolution
		SolutionGuid = {6FC0C9AB-55BD-4BBC-A459-991299F037C4}
	EndGlobalSection
EndGlobal
